lockfileVersion: '9.0'

settings:
  autoInstallPeers: true
  excludeLinksFromLockfile: false

importers:

  .:
    devDependencies:
      '@playwright/test':
        specifier: ^1.53.2
        version: 1.53.2
      '@types/node':
        specifier: ^24.0.10
        version: 24.0.10

packages:

  '@playwright/test@1.53.2':
    resolution: {integrity: sha512-tEB2U5z74ebBeyfGNZ3Jfg29AnW+5HlWhvHtb/Mqco9pFdZU1ZLNdVb2UtB5CvmiilNr2ZfVH/qMmAROG/XTzw==}
    engines: {node: '>=18'}
    hasBin: true

  '@types/node@24.0.10':
    resolution: {integrity: sha512-ENHwaH+JIRTDIEEbDK6QSQntAYGtbvdDXnMXnZaZ6k13Du1dPMmprkEHIL7ok2Wl2aZevetwTAb5S+7yIF+enA==}

  fsevents@2.3.2:
    resolution: {integrity: sha512-xiqMQR4xAeHTuB9uWm+fFRcIOgKBMiOBP+eXiyT7jsgVCq1bkVygt00oASowB7EdtpOHaaPgKt812P9ab+DDKA==}
    engines: {node: ^8.16.0 || ^10.6.0 || >=11.0.0}
    os: [darwin]

  playwright-core@1.53.2:
    resolution: {integrity: sha512-ox/OytMy+2w1jcYEYlOo1Hhp8hZkLCximMTUTMBXjGUA1KoFfiSZ+DU+3a739jsPY0yoKH2TFy9S2fsJas8yAw==}
    engines: {node: '>=18'}
    hasBin: true

  playwright@1.53.2:
    resolution: {integrity: sha512-6K/qQxVFuVQhRQhFsVZ9fGeatxirtrpPgxzBYWyZLEXJzqYwuL4fuNmfOfD5et1tJE4GScKyPNeLhZeRwuTU3A==}
    engines: {node: '>=18'}
    hasBin: true

  undici-types@7.8.0:
    resolution: {integrity: sha512-9UJ2xGDvQ43tYyVMpuHlsgApydB8ZKfVYTsLDhXkFL/6gfkp+U8xTGdh8pMJv1SpZna0zxG1DwsKZsreLbXBxw==}

snapshots:

  '@playwright/test@1.53.2':
    dependencies:
      playwright: 1.53.2

  '@types/node@24.0.10':
    dependencies:
      undici-types: 7.8.0

  fsevents@2.3.2:
    optional: true

  playwright-core@1.53.2: {}

  playwright@1.53.2:
    dependencies:
      playwright-core: 1.53.2
    optionalDependencies:
      fsevents: 2.3.2

  undici-types@7.8.0: {}
